{
  "R": {
    "Version": "4.0.4",
    "Repositories": [
      {
        "Name": "TERCEN",
        "URL": "https://cran.tercen.com/api/v1/rlib/tercen"
      },
      {
        "Name": "CRAN",
        "URL": "https://cran.tercen.com/api/v1/rlib/CRAN"
      },
      {
        "Name": "BioCsoft",
        "URL": "https://cran.tercen.com/api/v1/rlib/BioCsoft-3.12"
      },
      {
        "Name": "BioCann",
        "URL": "https://cran.tercen.com/api/v1/rlib/BioCann-3.12"
      },
      {
        "Name": "BioCexp",
        "URL": "https://cran.tercen.com/api/v1/rlib/BioCexp-3.12"
      },
      {
        "Name": "BioCworkflows",
        "URL": "https://cran.tercen.com/api/v1/rlib/BioCworkflows-3.12"
      }
    ]
  },
  "Bioconductor": {
    "Version": "3.12"
  },
  "Packages": {
    "BH": {
      "Package": "BH",
      "Version": "1.75.0-0",
      "Source": "Repository",
      "Repository": "RSPM",
      "Hash": "e4c04affc2cac20c8fec18385cd14691"
    },
    "Biobase": {
      "Package": "Biobase",
      "Version": "2.50.0",
      "Source": "Bioconductor",
      "Hash": "f49586e579b712b7e55253aba0c9bc21"
    },
    "BiocGenerics": {
      "Package": "BiocGenerics",
      "Version": "0.36.1",
      "Source": "Bioconductor",
      "Hash": "f628c51eadc74ffd838b801cd22d589a"
    },
    "R6": {
      "Package": "R6",
      "Version": "2.5.0",
      "Source": "Repository",
      "Repository": "RSPM",
      "Hash": "b203113193e70978a696b2809525649d"
    },
    "RProtoBufLib": {
      "Package": "RProtoBufLib",
      "Version": "2.2.0",
      "Source": "Bioconductor",
      "Hash": "13cee985e2b760ab2c9d146fc917d57f"
    },
    "Rcpp": {
      "Package": "Rcpp",
      "Version": "1.0.6",
      "Source": "Repository",
      "Repository": "RSPM",
      "Hash": "dbb5e436998a7eba5a9d682060533338"
    },
    "RcppArmadillo": {
      "Package": "RcppArmadillo",
      "Version": "0.10.4.0.0",
      "Source": "Repository",
      "Repository": "CRAN",
      "Hash": "a8df2d4278c6501b2c209f4acc6a3036"
    },
    "RcppParallel": {
      "Package": "RcppParallel",
      "Version": "5.1.2",
      "Source": "Repository",
      "Repository": "CRAN",
      "Hash": "028b767d58b4a2f2240dec3f97217414"
    },
    "Rhdf5lib": {
      "Package": "Rhdf5lib",
      "Version": "1.12.1",
      "Source": "Bioconductor",
      "Hash": "7dc9be3558a910226d64a2040520dc7f"
    },
    "S4Vectors": {
      "Package": "S4Vectors",
      "Version": "0.28.1",
      "Source": "Bioconductor",
      "Hash": "f558c55a285751bd72af11d2bb853521"
    },
    "askpass": {
      "Package": "askpass",
      "Version": "1.1",
      "Source": "Repository",
      "Repository": "RSPM",
      "Hash": "e8a22846fff485f0be3770c2da758713"
    },
    "assertthat": {
      "Package": "assertthat",
      "Version": "0.2.1",
      "Source": "Repository",
      "Repository": "RSPM",
      "Hash": "50c838a310445e954bc13f26f26a6ecf"
    },
    "base64enc": {
      "Package": "base64enc",
      "Version": "0.1-3",
      "Source": "Repository",
      "Repository": "RSPM",
      "Hash": "543776ae6848fde2f48ff3816d0628bc"
    },
    "bslib": {
      "Package": "bslib",
      "Version": "0.2.4",
      "Source": "Repository",
      "Repository": "CRAN",
      "Hash": "4830a372b241d78ed6f53731ee3023ac"
    },
    "cachem": {
      "Package": "cachem",
      "Version": "1.0.4",
      "Source": "Repository",
      "Repository": "RSPM",
      "Hash": "2703a46dcabfb902f10060b2bca9f708"
    },
    "cli": {
      "Package": "cli",
      "Version": "2.3.1",
      "Source": "Repository",
      "Repository": "RSPM",
      "Hash": "3e3f28efcadfda442cd18651fbcbbecf"
    },
    "commonmark": {
      "Package": "commonmark",
      "Version": "1.7",
      "Source": "Repository",
      "Repository": "RSPM",
      "Hash": "0f22be39ec1d141fd03683c06f3a6e67"
    },
    "crayon": {
      "Package": "crayon",
      "Version": "1.4.1",
      "Source": "Repository",
      "Repository": "RSPM",
      "Hash": "e75525c55c70e5f4f78c9960a4b402e9"
    },
    "cytolib": {
      "Package": "cytolib",
      "Version": "2.2.1",
      "Source": "Bioconductor",
      "Hash": "a845d719d5277f063a6dcea2f6d0d7d9"
    },
    "digest": {
      "Package": "digest",
      "Version": "0.6.27",
      "Source": "Repository",
      "Repository": "RSPM",
      "Hash": "a0cbe758a531d054b537d16dff4d58a1"
    },
    "dplyr": {
      "Package": "dplyr",
      "Version": "1.0.4",
      "Source": "Repository",
      "Repository": "RSPM",
      "Hash": "01c82e3b053eb7660a8ace8d932265b8"
    },
    "ellipsis": {
      "Package": "ellipsis",
      "Version": "0.3.1",
      "Source": "Repository",
      "Repository": "RSPM",
      "Hash": "fd2844b3a43ae2d27e70ece2df1b4e2a"
    },
    "fansi": {
      "Package": "fansi",
      "Version": "0.4.2",
      "Source": "Repository",
      "Repository": "RSPM",
      "Hash": "fea074fb67fe4c25d47ad09087da847d"
    },
    "fastmap": {
      "Package": "fastmap",
      "Version": "1.1.0",
      "Source": "Repository",
      "Repository": "RSPM",
      "Hash": "77bd60a6157420d4ffa93b27cf6a58b8"
    },
    "flowCore": {
      "Package": "flowCore",
      "Version": "2.2.0",
      "Source": "Bioconductor",
      "Hash": "14bcb20d63e372d1e308244a0bb10d82"
    },
    "fs": {
      "Package": "fs",
      "Version": "1.5.0",
      "Source": "Repository",
      "Repository": "RSPM",
      "Hash": "44594a07a42e5f91fac9f93fda6d0109"
    },
    "generics": {
      "Package": "generics",
      "Version": "0.1.0",
      "Source": "Repository",
      "Repository": "RSPM",
      "Hash": "4d243a9c10b00589889fe32314ffd902"
    },
    "glue": {
      "Package": "glue",
      "Version": "1.4.2",
      "Source": "Repository",
      "Repository": "RSPM",
      "Hash": "6efd734b14c6471cfe443345f3e35e29"
    },
    "htmltools": {
      "Package": "htmltools",
      "Version": "0.5.1.1",
      "Source": "Repository",
      "Repository": "RSPM",
      "Hash": "af2c2531e55df5cf230c4b5444fc973c"
    },
    "httpuv": {
      "Package": "httpuv",
      "Version": "1.6.0",
      "Source": "Repository",
      "Repository": "CRAN",
      "Hash": "781248b864d00c390830504937fe5c29"
    },
    "jquerylib": {
      "Package": "jquerylib",
      "Version": "0.1.3",
      "Source": "Repository",
      "Repository": "CRAN",
      "Hash": "5ff50b36f7f0832f8421745af333e73c"
    },
    "jsonlite": {
      "Package": "jsonlite",
      "Version": "1.7.2",
      "Source": "Repository",
      "Repository": "RSPM",
      "Hash": "98138e0994d41508c7a6b84a0600cfcb"
    },
    "later": {
      "Package": "later",
      "Version": "1.1.0.1",
      "Source": "Repository",
      "Repository": "RSPM",
      "Hash": "d0a62b247165aabf397fded504660d8a"
    },
    "lifecycle": {
      "Package": "lifecycle",
      "Version": "1.0.0",
      "Source": "Repository",
      "Repository": "RSPM",
      "Hash": "3471fb65971f1a7b2d4ae7848cf2db8d"
    },
    "magrittr": {
      "Package": "magrittr",
      "Version": "2.0.1",
      "Source": "Repository",
      "Repository": "RSPM",
      "Hash": "41287f1ac7d28a92f0a286ed507928d3"
    },
    "matrixStats": {
      "Package": "matrixStats",
      "Version": "0.58.0",
      "Source": "Repository",
      "Repository": "CRAN",
      "Hash": "c318d148056e5bb8d7de79b0876f9ae6"
    },
    "mime": {
      "Package": "mime",
      "Version": "0.10",
      "Source": "Repository",
      "Repository": "RSPM",
      "Hash": "26fa77e707223e1ce042b2b5d09993dc"
    },
    "mtercen": {
      "Package": "mtercen",
      "Version": "1.0.8",
      "Source": "Repository",
      "Repository": "TERCEN",
      "Hash": "27b03b2685b9424f08521ea09d24860e"
    },
    "openssl": {
      "Package": "openssl",
      "Version": "1.4.3",
      "Source": "Repository",
      "Repository": "RSPM",
      "Hash": "a399e4773075fc2375b71f45fca186c4"
    },
    "pillar": {
      "Package": "pillar",
      "Version": "1.5.0",
      "Source": "Repository",
      "Repository": "RSPM",
      "Hash": "39a778e4e487ded8b1bf5bb617c567b3"
    },
    "pkgconfig": {
      "Package": "pkgconfig",
      "Version": "2.0.3",
      "Source": "Repository",
      "Repository": "RSPM",
      "Hash": "01f28d4278f15c76cddbea05899c5d6f"
    },
    "promises": {
      "Package": "promises",
      "Version": "1.2.0.1",
      "Source": "Repository",
      "Repository": "RSPM",
      "Hash": "4ab2c43adb4d4699cf3690acd378d75d"
    },
    "purrr": {
      "Package": "purrr",
      "Version": "0.3.4",
      "Source": "Repository",
      "Repository": "RSPM",
      "Hash": "97def703420c8ab10d8f0e6c72101e02"
    },
    "rappdirs": {
      "Package": "rappdirs",
      "Version": "0.3.3",
      "Source": "Repository",
      "Repository": "RSPM",
      "Hash": "5e3c5dc0b071b21fa128676560dbe94d"
    },
    "renv": {
      "Package": "renv",
      "Version": "0.13.2",
      "Source": "Repository",
      "Repository": "CRAN",
      "Hash": "079cb1f03ff972b30401ed05623cbe92"
    },
    "rlang": {
      "Package": "rlang",
      "Version": "0.4.10",
      "Source": "Repository",
      "Repository": "RSPM",
      "Hash": "599df23c40a4fce9c7b4764f28c37857"
    },
    "sass": {
      "Package": "sass",
      "Version": "0.3.1",
      "Source": "Repository",
      "Repository": "CRAN",
      "Hash": "3ef1adfe46b7b144b970d74ce33ab0d6"
    },
    "shiny": {
      "Package": "shiny",
      "Version": "1.6.0",
      "Source": "Repository",
      "Repository": "CRAN",
      "Hash": "6e3b6ae7fe02b5859e4bb277f218b8ae"
    },
    "sourcetools": {
      "Package": "sourcetools",
      "Version": "0.1.7",
      "Source": "Repository",
      "Repository": "CRAN",
      "Hash": "947e4e02a79effa5d512473e10f41797"
    },
    "sys": {
      "Package": "sys",
      "Version": "3.4",
      "Source": "Repository",
      "Repository": "RSPM",
      "Hash": "b227d13e29222b4574486cfcbde077fa"
    },
    "teRcenHttp": {
      "Package": "teRcenHttp",
      "Version": "1.0.21",
      "Source": "Repository",
      "Repository": "TERCEN",
      "Hash": "18e6c920fb7ddb33ea4e265098ca24c9"
    },
    "tercen": {
      "Package": "tercen",
      "Version": "0.10.8",
      "Source": "Repository",
      "Repository": "TERCEN",
      "Hash": "7676dd098faf9b2267411f8f129f5d8b"
    },
    "tibble": {
      "Package": "tibble",
      "Version": "3.1.0",
      "Source": "Repository",
      "Repository": "RSPM",
      "Hash": "4d894a114dbd4ecafeda5074e7c538e6"
    },
    "tidyselect": {
      "Package": "tidyselect",
      "Version": "1.1.0",
      "Source": "Repository",
      "Repository": "RSPM",
      "Hash": "6ea435c354e8448819627cf686f66e0a"
    },
    "utf8": {
      "Package": "utf8",
      "Version": "1.1.4",
      "Source": "Repository",
      "Repository": "RSPM",
      "Hash": "4a5081acfb7b81a572e4384a7aaf2af1"
    },
    "vctrs": {
      "Package": "vctrs",
      "Version": "0.3.6",
      "Source": "Repository",
      "Repository": "RSPM",
      "Hash": "5cf1957f93076c19fdc81d01409d240b"
    },
    "withr": {
      "Package": "withr",
      "Version": "2.4.1",
      "Source": "Repository",
      "Repository": "RSPM",
      "Hash": "caf4781c674ffa549a4676d2d77b13cc"
    },
    "xtable": {
      "Package": "xtable",
      "Version": "1.8-4",
      "Source": "Repository",
      "Repository": "CRAN",
      "Hash": "b8acdf8af494d9ec19ccb2481a9b11c2"
    },
    "yaml": {
      "Package": "yaml",
      "Version": "2.2.1",
      "Source": "Repository",
      "Repository": "RSPM",
      "Hash": "2826c5d9efb0a88f657c7a679c7106db"
    }
  }
}
